
Microsoft Visual Studio Solution File, Format Version 12.00
# Visual Studio Version 16
VisualStudioVersion = 16.0.31911.196
MinimumVisualStudioVersion = 10.0.40219.1
Project("{FAE04EC0-301F-11D3-BF4B-00C04F79EFBC}") = "ExClass", "ExClass\ExClass.csproj", "{2B884C49-7792-4349-BBF9-79A82F72DE45}"
EndProject
Global
	GlobalSection(SolutionConfigurationPlatforms) = preSolution
		Debug|Any CPU = Debug|Any CPU
		Release|Any CPU = Release|Any CPU
	EndGlobalSection
	GlobalSection(ProjectConfigurationPlatforms) = postSolution
		{2B884C49-7792-4349-BBF9-79A82F72DE45}.Debug|Any CPU.ActiveCfg = Debug|Any CPU
		{2B884C49-7792-4349-BBF9-79A82F72DE45}.Debug|Any CPU.Build.0 = Debug|Any CPU
		{2B884C49-7792-4349-BBF9-79A82F72DE45}.Release|Any CPU.ActiveCfg = Release|Any CPU
		{2B884C49-7792-4349-BBF9-79A82F72DE45}.Release|Any CPU.Build.0 = Release|Any CPU
	EndGlobalSection
	GlobalSection(SolutionProperties) = preSolution
		HideSolutionNode = FALSE
	EndGlobalSection
	GlobalSection(ExtensibilityGlobals) = postSolution
		SolutionGuid = {B27005C2-7A50-4756-9FDA-76FD8996C064}
	EndGlobalSection
EndGlobal
