
Microsoft Visual Studio Solution File, Format Version 12.00
# Visual Studio Version 16
VisualStudioVersion = 16.0.31911.196
MinimumVisualStudioVersion = 10.0.40219.1
Project("{FAE04EC0-301F-11D3-BF4B-00C04F79EFBC}") = "uri1151", "uri1151\uri1151.csproj", "{B779D5FC-DFAD-4829-94B1-C644062C16F0}"
EndProject
Global
	GlobalSection(SolutionConfigurationPlatforms) = preSolution
		Debug|Any CPU = Debug|Any CPU
		Release|Any CPU = Release|Any CPU
	EndGlobalSection
	GlobalSection(ProjectConfigurationPlatforms) = postSolution
		{B779D5FC-DFAD-4829-94B1-C644062C16F0}.Debug|Any CPU.ActiveCfg = Debug|Any CPU
		{B779D5FC-DFAD-4829-94B1-C644062C16F0}.Debug|Any CPU.Build.0 = Debug|Any CPU
		{B779D5FC-DFAD-4829-94B1-C644062C16F0}.Release|Any CPU.ActiveCfg = Release|Any CPU
		{B779D5FC-DFAD-4829-94B1-C644062C16F0}.Release|Any CPU.Build.0 = Release|Any CPU
	EndGlobalSection
	GlobalSection(SolutionProperties) = preSolution
		HideSolutionNode = FALSE
	EndGlobalSection
	GlobalSection(ExtensibilityGlobals) = postSolution
		SolutionGuid = {AB774CE3-4746-46B3-B6D0-76B81002ABE6}
	EndGlobalSection
EndGlobal
