
Microsoft Visual Studio Solution File, Format Version 12.00
# Visual Studio Version 16
VisualStudioVersion = 16.0.31911.196
MinimumVisualStudioVersion = 10.0.40219.1
Project("{FAE04EC0-301F-11D3-BF4B-00C04F79EFBC}") = "MembrosEstáticosPt2", "MembrosEstáticosPt2\MembrosEstáticosPt2.csproj", "{F9C224A0-2471-4AAD-B4F0-212F1F47D31D}"
EndProject
Global
	GlobalSection(SolutionConfigurationPlatforms) = preSolution
		Debug|Any CPU = Debug|Any CPU
		Release|Any CPU = Release|Any CPU
	EndGlobalSection
	GlobalSection(ProjectConfigurationPlatforms) = postSolution
		{F9C224A0-2471-4AAD-B4F0-212F1F47D31D}.Debug|Any CPU.ActiveCfg = Debug|Any CPU
		{F9C224A0-2471-4AAD-B4F0-212F1F47D31D}.Debug|Any CPU.Build.0 = Debug|Any CPU
		{F9C224A0-2471-4AAD-B4F0-212F1F47D31D}.Release|Any CPU.ActiveCfg = Release|Any CPU
		{F9C224A0-2471-4AAD-B4F0-212F1F47D31D}.Release|Any CPU.Build.0 = Release|Any CPU
	EndGlobalSection
	GlobalSection(SolutionProperties) = preSolution
		HideSolutionNode = FALSE
	EndGlobalSection
	GlobalSection(ExtensibilityGlobals) = postSolution
		SolutionGuid = {E8773BA9-EE30-4F50-8AEB-86EF92BD2BEE}
	EndGlobalSection
EndGlobal
