
Microsoft Visual Studio Solution File, Format Version 12.00
# Visual Studio Version 16
VisualStudioVersion = 16.0.31911.196
MinimumVisualStudioVersion = 10.0.40219.1
Project("{FAE04EC0-301F-11D3-BF4B-00C04F79EFBC}") = "uri1095", "uri1095\uri1095.csproj", "{3BED29F2-BC2A-43CB-9809-52EA3B3F5B6A}"
EndProject
Global
	GlobalSection(SolutionConfigurationPlatforms) = preSolution
		Debug|Any CPU = Debug|Any CPU
		Release|Any CPU = Release|Any CPU
	EndGlobalSection
	GlobalSection(ProjectConfigurationPlatforms) = postSolution
		{3BED29F2-BC2A-43CB-9809-52EA3B3F5B6A}.Debug|Any CPU.ActiveCfg = Debug|Any CPU
		{3BED29F2-BC2A-43CB-9809-52EA3B3F5B6A}.Debug|Any CPU.Build.0 = Debug|Any CPU
		{3BED29F2-BC2A-43CB-9809-52EA3B3F5B6A}.Release|Any CPU.ActiveCfg = Release|Any CPU
		{3BED29F2-BC2A-43CB-9809-52EA3B3F5B6A}.Release|Any CPU.Build.0 = Release|Any CPU
	EndGlobalSection
	GlobalSection(SolutionProperties) = preSolution
		HideSolutionNode = FALSE
	EndGlobalSection
	GlobalSection(ExtensibilityGlobals) = postSolution
		SolutionGuid = {822D5D88-E204-4B23-8501-032A1CF731B3}
	EndGlobalSection
EndGlobal
