
Microsoft Visual Studio Solution File, Format Version 12.00
# Visual Studio Version 16
VisualStudioVersion = 16.0.31911.196
MinimumVisualStudioVersion = 10.0.40219.1
Project("{FAE04EC0-301F-11D3-BF4B-00C04F79EFBC}") = "uri1043", "uri1043\uri1043.csproj", "{E97E689F-15DC-492F-9D4C-28813EF1CE9E}"
EndProject
Global
	GlobalSection(SolutionConfigurationPlatforms) = preSolution
		Debug|Any CPU = Debug|Any CPU
		Release|Any CPU = Release|Any CPU
	EndGlobalSection
	GlobalSection(ProjectConfigurationPlatforms) = postSolution
		{E97E689F-15DC-492F-9D4C-28813EF1CE9E}.Debug|Any CPU.ActiveCfg = Debug|Any CPU
		{E97E689F-15DC-492F-9D4C-28813EF1CE9E}.Debug|Any CPU.Build.0 = Debug|Any CPU
		{E97E689F-15DC-492F-9D4C-28813EF1CE9E}.Release|Any CPU.ActiveCfg = Release|Any CPU
		{E97E689F-15DC-492F-9D4C-28813EF1CE9E}.Release|Any CPU.Build.0 = Release|Any CPU
	EndGlobalSection
	GlobalSection(SolutionProperties) = preSolution
		HideSolutionNode = FALSE
	EndGlobalSection
	GlobalSection(ExtensibilityGlobals) = postSolution
		SolutionGuid = {D67D1D38-2CE8-414B-9F8C-079A22744EA5}
	EndGlobalSection
EndGlobal
