
Microsoft Visual Studio Solution File, Format Version 12.00
# Visual Studio Version 16
VisualStudioVersion = 16.0.31911.196
MinimumVisualStudioVersion = 10.0.40219.1
Project("{FAE04EC0-301F-11D3-BF4B-00C04F79EFBC}") = "EstruturaWhile", "EstruturaWhile\EstruturaWhile.csproj", "{1FE45CBF-F812-462B-90E0-884DDBC0915F}"
EndProject
Global
	GlobalSection(SolutionConfigurationPlatforms) = preSolution
		Debug|Any CPU = Debug|Any CPU
		Release|Any CPU = Release|Any CPU
	EndGlobalSection
	GlobalSection(ProjectConfigurationPlatforms) = postSolution
		{1FE45CBF-F812-462B-90E0-884DDBC0915F}.Debug|Any CPU.ActiveCfg = Debug|Any CPU
		{1FE45CBF-F812-462B-90E0-884DDBC0915F}.Debug|Any CPU.Build.0 = Debug|Any CPU
		{1FE45CBF-F812-462B-90E0-884DDBC0915F}.Release|Any CPU.ActiveCfg = Release|Any CPU
		{1FE45CBF-F812-462B-90E0-884DDBC0915F}.Release|Any CPU.Build.0 = Release|Any CPU
	EndGlobalSection
	GlobalSection(SolutionProperties) = preSolution
		HideSolutionNode = FALSE
	EndGlobalSection
	GlobalSection(ExtensibilityGlobals) = postSolution
		SolutionGuid = {926F7401-EA57-4BC4-B496-ED1C3238839E}
	EndGlobalSection
EndGlobal
