
Microsoft Visual Studio Solution File, Format Version 12.00
# Visual Studio Version 16
VisualStudioVersion = 16.0.31911.196
MinimumVisualStudioVersion = 10.0.40219.1
Project("{FAE04EC0-301F-11D3-BF4B-00C04F79EFBC}") = "ExercicioCurso", "ExercicioCurso\ExercicioCurso.csproj", "{D851F479-64A7-44D6-96F2-61AB03B25A2E}"
EndProject
Global
	GlobalSection(SolutionConfigurationPlatforms) = preSolution
		Debug|Any CPU = Debug|Any CPU
		Release|Any CPU = Release|Any CPU
	EndGlobalSection
	GlobalSection(ProjectConfigurationPlatforms) = postSolution
		{D851F479-64A7-44D6-96F2-61AB03B25A2E}.Debug|Any CPU.ActiveCfg = Debug|Any CPU
		{D851F479-64A7-44D6-96F2-61AB03B25A2E}.Debug|Any CPU.Build.0 = Debug|Any CPU
		{D851F479-64A7-44D6-96F2-61AB03B25A2E}.Release|Any CPU.ActiveCfg = Release|Any CPU
		{D851F479-64A7-44D6-96F2-61AB03B25A2E}.Release|Any CPU.Build.0 = Release|Any CPU
	EndGlobalSection
	GlobalSection(SolutionProperties) = preSolution
		HideSolutionNode = FALSE
	EndGlobalSection
	GlobalSection(ExtensibilityGlobals) = postSolution
		SolutionGuid = {181A9BB7-EE8B-4E2D-AC75-5891BF52E544}
	EndGlobalSection
EndGlobal
