
Microsoft Visual Studio Solution File, Format Version 12.00
# Visual Studio Version 16
VisualStudioVersion = 16.0.31911.196
MinimumVisualStudioVersion = 10.0.40219.1
Project("{FAE04EC0-301F-11D3-BF4B-00C04F79EFBC}") = "ExProperties", "ExProperties\ExProperties.csproj", "{69B09A14-A457-4332-873F-3617B68F0031}"
EndProject
Global
	GlobalSection(SolutionConfigurationPlatforms) = preSolution
		Debug|Any CPU = Debug|Any CPU
		Release|Any CPU = Release|Any CPU
	EndGlobalSection
	GlobalSection(ProjectConfigurationPlatforms) = postSolution
		{69B09A14-A457-4332-873F-3617B68F0031}.Debug|Any CPU.ActiveCfg = Debug|Any CPU
		{69B09A14-A457-4332-873F-3617B68F0031}.Debug|Any CPU.Build.0 = Debug|Any CPU
		{69B09A14-A457-4332-873F-3617B68F0031}.Release|Any CPU.ActiveCfg = Release|Any CPU
		{69B09A14-A457-4332-873F-3617B68F0031}.Release|Any CPU.Build.0 = Release|Any CPU
	EndGlobalSection
	GlobalSection(SolutionProperties) = preSolution
		HideSolutionNode = FALSE
	EndGlobalSection
	GlobalSection(ExtensibilityGlobals) = postSolution
		SolutionGuid = {004BFEE7-98C0-46E0-9206-D3DF738E03DF}
	EndGlobalSection
EndGlobal
