
Microsoft Visual Studio Solution File, Format Version 12.00
# Visual Studio Version 16
VisualStudioVersion = 16.0.31911.196
MinimumVisualStudioVersion = 10.0.40219.1
Project("{FAE04EC0-301F-11D3-BF4B-00C04F79EFBC}") = "uri1038", "uri1038\uri1038.csproj", "{DB21983A-4D61-4BA7-859C-EF0C4862CE01}"
EndProject
Global
	GlobalSection(SolutionConfigurationPlatforms) = preSolution
		Debug|Any CPU = Debug|Any CPU
		Release|Any CPU = Release|Any CPU
	EndGlobalSection
	GlobalSection(ProjectConfigurationPlatforms) = postSolution
		{DB21983A-4D61-4BA7-859C-EF0C4862CE01}.Debug|Any CPU.ActiveCfg = Debug|Any CPU
		{DB21983A-4D61-4BA7-859C-EF0C4862CE01}.Debug|Any CPU.Build.0 = Debug|Any CPU
		{DB21983A-4D61-4BA7-859C-EF0C4862CE01}.Release|Any CPU.ActiveCfg = Release|Any CPU
		{DB21983A-4D61-4BA7-859C-EF0C4862CE01}.Release|Any CPU.Build.0 = Release|Any CPU
	EndGlobalSection
	GlobalSection(SolutionProperties) = preSolution
		HideSolutionNode = FALSE
	EndGlobalSection
	GlobalSection(ExtensibilityGlobals) = postSolution
		SolutionGuid = {2DA02376-64F0-4B97-9330-13B8DBC3A28C}
	EndGlobalSection
EndGlobal
