
Microsoft Visual Studio Solution File, Format Version 12.00
# Visual Studio Version 16
VisualStudioVersion = 16.0.31911.196
MinimumVisualStudioVersion = 10.0.40219.1
Project("{FAE04EC0-301F-11D3-BF4B-00C04F79EFBC}") = "ModificadorDeparametrosRefEOut", "ModificadorDeparametrosRefEOut\ModificadorDeparametrosRefEOut.csproj", "{DB4B9A27-999C-4BA8-B084-AD4C73DD48F6}"
EndProject
Global
	GlobalSection(SolutionConfigurationPlatforms) = preSolution
		Debug|Any CPU = Debug|Any CPU
		Release|Any CPU = Release|Any CPU
	EndGlobalSection
	GlobalSection(ProjectConfigurationPlatforms) = postSolution
		{DB4B9A27-999C-4BA8-B084-AD4C73DD48F6}.Debug|Any CPU.ActiveCfg = Debug|Any CPU
		{DB4B9A27-999C-4BA8-B084-AD4C73DD48F6}.Debug|Any CPU.Build.0 = Debug|Any CPU
		{DB4B9A27-999C-4BA8-B084-AD4C73DD48F6}.Release|Any CPU.ActiveCfg = Release|Any CPU
		{DB4B9A27-999C-4BA8-B084-AD4C73DD48F6}.Release|Any CPU.Build.0 = Release|Any CPU
	EndGlobalSection
	GlobalSection(SolutionProperties) = preSolution
		HideSolutionNode = FALSE
	EndGlobalSection
	GlobalSection(ExtensibilityGlobals) = postSolution
		SolutionGuid = {3842A1FC-2388-45D2-AE8C-4220B4107340}
	EndGlobalSection
EndGlobal
