
Microsoft Visual Studio Solution File, Format Version 12.00
# Visual Studio Version 16
VisualStudioVersion = 16.0.31911.196
MinimumVisualStudioVersion = 10.0.40219.1
Project("{FAE04EC0-301F-11D3-BF4B-00C04F79EFBC}") = "ExMatriz2", "ExMatriz2\ExMatriz2.csproj", "{85C4799E-CA8F-4EDE-B14D-337204213212}"
EndProject
Global
	GlobalSection(SolutionConfigurationPlatforms) = preSolution
		Debug|Any CPU = Debug|Any CPU
		Release|Any CPU = Release|Any CPU
	EndGlobalSection
	GlobalSection(ProjectConfigurationPlatforms) = postSolution
		{85C4799E-CA8F-4EDE-B14D-337204213212}.Debug|Any CPU.ActiveCfg = Debug|Any CPU
		{85C4799E-CA8F-4EDE-B14D-337204213212}.Debug|Any CPU.Build.0 = Debug|Any CPU
		{85C4799E-CA8F-4EDE-B14D-337204213212}.Release|Any CPU.ActiveCfg = Release|Any CPU
		{85C4799E-CA8F-4EDE-B14D-337204213212}.Release|Any CPU.Build.0 = Release|Any CPU
	EndGlobalSection
	GlobalSection(SolutionProperties) = preSolution
		HideSolutionNode = FALSE
	EndGlobalSection
	GlobalSection(ExtensibilityGlobals) = postSolution
		SolutionGuid = {AF335A89-5367-45D4-8F43-0F912A324128}
	EndGlobalSection
EndGlobal
