
Microsoft Visual Studio Solution File, Format Version 12.00
# Visual Studio Version 16
VisualStudioVersion = 16.0.31911.196
MinimumVisualStudioVersion = 10.0.40219.1
Project("{FAE04EC0-301F-11D3-BF4B-00C04F79EFBC}") = "ExClassUlmPt3", "ExClassUlmPt3\ExClassUlmPt3.csproj", "{BB4E16B7-E9BC-4550-A04B-CC3B7968D4ED}"
EndProject
Global
	GlobalSection(SolutionConfigurationPlatforms) = preSolution
		Debug|Any CPU = Debug|Any CPU
		Release|Any CPU = Release|Any CPU
	EndGlobalSection
	GlobalSection(ProjectConfigurationPlatforms) = postSolution
		{BB4E16B7-E9BC-4550-A04B-CC3B7968D4ED}.Debug|Any CPU.ActiveCfg = Debug|Any CPU
		{BB4E16B7-E9BC-4550-A04B-CC3B7968D4ED}.Debug|Any CPU.Build.0 = Debug|Any CPU
		{BB4E16B7-E9BC-4550-A04B-CC3B7968D4ED}.Release|Any CPU.ActiveCfg = Release|Any CPU
		{BB4E16B7-E9BC-4550-A04B-CC3B7968D4ED}.Release|Any CPU.Build.0 = Release|Any CPU
	EndGlobalSection
	GlobalSection(SolutionProperties) = preSolution
		HideSolutionNode = FALSE
	EndGlobalSection
	GlobalSection(ExtensibilityGlobals) = postSolution
		SolutionGuid = {6172EA09-3189-4853-A841-3562898F0ECF}
	EndGlobalSection
EndGlobal
