
Microsoft Visual Studio Solution File, Format Version 12.00
# Visual Studio Version 16
VisualStudioVersion = 16.0.31911.196
MinimumVisualStudioVersion = 10.0.40219.1
Project("{FAE04EC0-301F-11D3-BF4B-00C04F79EFBC}") = "URI1001", "URI1001\URI1001.csproj", "{ECB12B29-F00D-400E-8D90-5AF5E4E59FD6}"
EndProject
Global
	GlobalSection(SolutionConfigurationPlatforms) = preSolution
		Debug|Any CPU = Debug|Any CPU
		Release|Any CPU = Release|Any CPU
	EndGlobalSection
	GlobalSection(ProjectConfigurationPlatforms) = postSolution
		{ECB12B29-F00D-400E-8D90-5AF5E4E59FD6}.Debug|Any CPU.ActiveCfg = Debug|Any CPU
		{ECB12B29-F00D-400E-8D90-5AF5E4E59FD6}.Debug|Any CPU.Build.0 = Debug|Any CPU
		{ECB12B29-F00D-400E-8D90-5AF5E4E59FD6}.Release|Any CPU.ActiveCfg = Release|Any CPU
		{ECB12B29-F00D-400E-8D90-5AF5E4E59FD6}.Release|Any CPU.Build.0 = Release|Any CPU
	EndGlobalSection
	GlobalSection(SolutionProperties) = preSolution
		HideSolutionNode = FALSE
	EndGlobalSection
	GlobalSection(ExtensibilityGlobals) = postSolution
		SolutionGuid = {52ADBCAE-69A7-498D-82FA-AF819EAEC164}
	EndGlobalSection
EndGlobal
