
Microsoft Visual Studio Solution File, Format Version 12.00
# Visual Studio Version 16
VisualStudioVersion = 16.0.31911.196
MinimumVisualStudioVersion = 10.0.40219.1
Project("{FAE04EC0-301F-11D3-BF4B-00C04F79EFBC}") = "ExClassUmlPt2", "ExClassUmlPt2\ExClassUmlPt2.csproj", "{4ADAC767-BE16-4378-9293-BE6DCD9E185B}"
EndProject
Global
	GlobalSection(SolutionConfigurationPlatforms) = preSolution
		Debug|Any CPU = Debug|Any CPU
		Release|Any CPU = Release|Any CPU
	EndGlobalSection
	GlobalSection(ProjectConfigurationPlatforms) = postSolution
		{4ADAC767-BE16-4378-9293-BE6DCD9E185B}.Debug|Any CPU.ActiveCfg = Debug|Any CPU
		{4ADAC767-BE16-4378-9293-BE6DCD9E185B}.Debug|Any CPU.Build.0 = Debug|Any CPU
		{4ADAC767-BE16-4378-9293-BE6DCD9E185B}.Release|Any CPU.ActiveCfg = Release|Any CPU
		{4ADAC767-BE16-4378-9293-BE6DCD9E185B}.Release|Any CPU.Build.0 = Release|Any CPU
	EndGlobalSection
	GlobalSection(SolutionProperties) = preSolution
		HideSolutionNode = FALSE
	EndGlobalSection
	GlobalSection(ExtensibilityGlobals) = postSolution
		SolutionGuid = {A4E9A095-2132-4627-89BE-10C846A5AF00}
	EndGlobalSection
EndGlobal
