
Microsoft Visual Studio Solution File, Format Version 12.00
# Visual Studio Version 16
VisualStudioVersion = 16.0.31911.196
MinimumVisualStudioVersion = 10.0.40219.1
Project("{FAE04EC0-301F-11D3-BF4B-00C04F79EFBC}") = "URI1000", "URI1000\URI1000.csproj", "{A273E086-0F06-4CB6-AF2C-17986A4C2573}"
EndProject
Global
	GlobalSection(SolutionConfigurationPlatforms) = preSolution
		Debug|Any CPU = Debug|Any CPU
		Release|Any CPU = Release|Any CPU
	EndGlobalSection
	GlobalSection(ProjectConfigurationPlatforms) = postSolution
		{A273E086-0F06-4CB6-AF2C-17986A4C2573}.Debug|Any CPU.ActiveCfg = Debug|Any CPU
		{A273E086-0F06-4CB6-AF2C-17986A4C2573}.Debug|Any CPU.Build.0 = Debug|Any CPU
		{A273E086-0F06-4CB6-AF2C-17986A4C2573}.Release|Any CPU.ActiveCfg = Release|Any CPU
		{A273E086-0F06-4CB6-AF2C-17986A4C2573}.Release|Any CPU.Build.0 = Release|Any CPU
	EndGlobalSection
	GlobalSection(SolutionProperties) = preSolution
		HideSolutionNode = FALSE
	EndGlobalSection
	GlobalSection(ExtensibilityGlobals) = postSolution
		SolutionGuid = {4B24109D-FFF0-4060-B203-4B13801469B7}
	EndGlobalSection
EndGlobal
