
Microsoft Visual Studio Solution File, Format Version 12.00
# Visual Studio Version 16
VisualStudioVersion = 16.0.31911.196
MinimumVisualStudioVersion = 10.0.40219.1
Project("{FAE04EC0-301F-11D3-BF4B-00C04F79EFBC}") = "tabuada", "tabuada\tabuada.csproj", "{73F5150D-8FC1-438B-BB6D-F131CDFFEF60}"
EndProject
Global
	GlobalSection(SolutionConfigurationPlatforms) = preSolution
		Debug|Any CPU = Debug|Any CPU
		Release|Any CPU = Release|Any CPU
	EndGlobalSection
	GlobalSection(ProjectConfigurationPlatforms) = postSolution
		{73F5150D-8FC1-438B-BB6D-F131CDFFEF60}.Debug|Any CPU.ActiveCfg = Debug|Any CPU
		{73F5150D-8FC1-438B-BB6D-F131CDFFEF60}.Debug|Any CPU.Build.0 = Debug|Any CPU
		{73F5150D-8FC1-438B-BB6D-F131CDFFEF60}.Release|Any CPU.ActiveCfg = Release|Any CPU
		{73F5150D-8FC1-438B-BB6D-F131CDFFEF60}.Release|Any CPU.Build.0 = Release|Any CPU
	EndGlobalSection
	GlobalSection(SolutionProperties) = preSolution
		HideSolutionNode = FALSE
	EndGlobalSection
	GlobalSection(ExtensibilityGlobals) = postSolution
		SolutionGuid = {EF5DC445-DBAE-4972-B0F2-3D9FF78B9ED2}
	EndGlobalSection
EndGlobal
