
Microsoft Visual Studio Solution File, Format Version 12.00
# Visual Studio Version 16
VisualStudioVersion = 16.0.31911.196
MinimumVisualStudioVersion = 10.0.40219.1
Project("{FAE04EC0-301F-11D3-BF4B-00C04F79EFBC}") = "uri1013", "uri1013\uri1013.csproj", "{7BF693C6-193E-45B7-B03C-668C8FCD9480}"
EndProject
Global
	GlobalSection(SolutionConfigurationPlatforms) = preSolution
		Debug|Any CPU = Debug|Any CPU
		Release|Any CPU = Release|Any CPU
	EndGlobalSection
	GlobalSection(ProjectConfigurationPlatforms) = postSolution
		{7BF693C6-193E-45B7-B03C-668C8FCD9480}.Debug|Any CPU.ActiveCfg = Debug|Any CPU
		{7BF693C6-193E-45B7-B03C-668C8FCD9480}.Debug|Any CPU.Build.0 = Debug|Any CPU
		{7BF693C6-193E-45B7-B03C-668C8FCD9480}.Release|Any CPU.ActiveCfg = Release|Any CPU
		{7BF693C6-193E-45B7-B03C-668C8FCD9480}.Release|Any CPU.Build.0 = Release|Any CPU
	EndGlobalSection
	GlobalSection(SolutionProperties) = preSolution
		HideSolutionNode = FALSE
	EndGlobalSection
	GlobalSection(ExtensibilityGlobals) = postSolution
		SolutionGuid = {3D623003-80B6-40B2-8659-C59D00C7E399}
	EndGlobalSection
EndGlobal
