
Microsoft Visual Studio Solution File, Format Version 12.00
# Visual Studio Version 16
VisualStudioVersion = 16.0.31911.196
MinimumVisualStudioVersion = 10.0.40219.1
Project("{FAE04EC0-301F-11D3-BF4B-00C04F79EFBC}") = "ExProdutoConstrutores", "ExProdutoConstrutores\ExProdutoConstrutores.csproj", "{CF2017ED-A705-4650-BCE5-CC20E3C4F6A4}"
EndProject
Project("{FAE04EC0-301F-11D3-BF4B-00C04F79EFBC}") = "ConstrutoresSobrecarga", "ConstrutoresSobrecarga\ConstrutoresSobrecarga.csproj", "{0FFE9923-E0DB-46E0-88E1-7FD083B6681A}"
EndProject
Global
	GlobalSection(SolutionConfigurationPlatforms) = preSolution
		Debug|Any CPU = Debug|Any CPU
		Release|Any CPU = Release|Any CPU
	EndGlobalSection
	GlobalSection(ProjectConfigurationPlatforms) = postSolution
		{CF2017ED-A705-4650-BCE5-CC20E3C4F6A4}.Debug|Any CPU.ActiveCfg = Debug|Any CPU
		{CF2017ED-A705-4650-BCE5-CC20E3C4F6A4}.Debug|Any CPU.Build.0 = Debug|Any CPU
		{CF2017ED-A705-4650-BCE5-CC20E3C4F6A4}.Release|Any CPU.ActiveCfg = Release|Any CPU
		{CF2017ED-A705-4650-BCE5-CC20E3C4F6A4}.Release|Any CPU.Build.0 = Release|Any CPU
		{0FFE9923-E0DB-46E0-88E1-7FD083B6681A}.Debug|Any CPU.ActiveCfg = Debug|Any CPU
		{0FFE9923-E0DB-46E0-88E1-7FD083B6681A}.Debug|Any CPU.Build.0 = Debug|Any CPU
		{0FFE9923-E0DB-46E0-88E1-7FD083B6681A}.Release|Any CPU.ActiveCfg = Release|Any CPU
		{0FFE9923-E0DB-46E0-88E1-7FD083B6681A}.Release|Any CPU.Build.0 = Release|Any CPU
	EndGlobalSection
	GlobalSection(SolutionProperties) = preSolution
		HideSolutionNode = FALSE
	EndGlobalSection
	GlobalSection(ExtensibilityGlobals) = postSolution
		SolutionGuid = {C23376CD-7582-4DBA-A204-977F6C5535A3}
	EndGlobalSection
EndGlobal
