
Microsoft Visual Studio Solution File, Format Version 12.00
# Visual Studio Version 16
VisualStudioVersion = 16.0.31911.196
MinimumVisualStudioVersion = 10.0.40219.1
Project("{FAE04EC0-301F-11D3-BF4B-00C04F79EFBC}") = "ExClassUml", "ExClassUml\ExClassUml.csproj", "{42680FD1-F0EB-4650-86A0-54337064D07B}"
EndProject
Global
	GlobalSection(SolutionConfigurationPlatforms) = preSolution
		Debug|Any CPU = Debug|Any CPU
		Release|Any CPU = Release|Any CPU
	EndGlobalSection
	GlobalSection(ProjectConfigurationPlatforms) = postSolution
		{42680FD1-F0EB-4650-86A0-54337064D07B}.Debug|Any CPU.ActiveCfg = Debug|Any CPU
		{42680FD1-F0EB-4650-86A0-54337064D07B}.Debug|Any CPU.Build.0 = Debug|Any CPU
		{42680FD1-F0EB-4650-86A0-54337064D07B}.Release|Any CPU.ActiveCfg = Release|Any CPU
		{42680FD1-F0EB-4650-86A0-54337064D07B}.Release|Any CPU.Build.0 = Release|Any CPU
	EndGlobalSection
	GlobalSection(SolutionProperties) = preSolution
		HideSolutionNode = FALSE
	EndGlobalSection
	GlobalSection(ExtensibilityGlobals) = postSolution
		SolutionGuid = {42CAFE27-7C9B-467B-A507-B91BAA434077}
	EndGlobalSection
EndGlobal
