
Microsoft Visual Studio Solution File, Format Version 12.00
# Visual Studio Version 16
VisualStudioVersion = 16.0.31911.196
MinimumVisualStudioVersion = 10.0.40219.1
Project("{FAE04EC0-301F-11D3-BF4B-00C04F79EFBC}") = "uri1017", "uri1017\uri1017.csproj", "{652FEDE8-1268-4A75-885F-BBA74DB0A7EB}"
EndProject
Global
	GlobalSection(SolutionConfigurationPlatforms) = preSolution
		Debug|Any CPU = Debug|Any CPU
		Release|Any CPU = Release|Any CPU
	EndGlobalSection
	GlobalSection(ProjectConfigurationPlatforms) = postSolution
		{652FEDE8-1268-4A75-885F-BBA74DB0A7EB}.Debug|Any CPU.ActiveCfg = Debug|Any CPU
		{652FEDE8-1268-4A75-885F-BBA74DB0A7EB}.Debug|Any CPU.Build.0 = Debug|Any CPU
		{652FEDE8-1268-4A75-885F-BBA74DB0A7EB}.Release|Any CPU.ActiveCfg = Release|Any CPU
		{652FEDE8-1268-4A75-885F-BBA74DB0A7EB}.Release|Any CPU.Build.0 = Release|Any CPU
	EndGlobalSection
	GlobalSection(SolutionProperties) = preSolution
		HideSolutionNode = FALSE
	EndGlobalSection
	GlobalSection(ExtensibilityGlobals) = postSolution
		SolutionGuid = {1872DF72-AF08-4D26-B09D-D61D190AE9D9}
	EndGlobalSection
EndGlobal
